<?xml version="1.0" encoding="utf-8"?>
<Project ToolsVersion="4.0" xmlns="http://schemas.microsoft.com/developer/msbuild/2003">
  <ItemGroup>
    <Filter Include="Quelldateien">
      <UniqueIdentifier>{4FC737F1-C7A5-4376-A066-2A32D752A2FF}</UniqueIdentifier>
      <Extensions>cpp;c;cc;cxx;def;odl;idl;hpj;bat;asm;asmx</Extensions>
    </Filter>
    <Filter Include="Headerdateien">
      <UniqueIdentifier>{93995380-89BD-4b04-88EB-625FBE52EBFB}</UniqueIdentifier>
      <Extensions>h;hpp;hxx;hm;inl;inc;xsd</Extensions>
    </Filter>
    <Filter Include="Ressourcendateien">
      <UniqueIdentifier>{67DA6AB6-F800-4c08-8B7A-83BB121AAD01}</UniqueIdentifier>
      <Extensions>rc;ico;cur;bmp;dlg;rc2;rct;bin;rgs;gif;jpg;jpeg;jpe;resx;tiff;tif;png;wav;mfcribbon-ms</Extensions>
    </Filter>
  </ItemGroup>
  <ItemGroup>
    <ClCompile Include="main.cpp">
      <Filter>Quelldateien</Filter>
    </ClCompile>
    <ClCompile Include="..\FastCraft\NBTBase.cpp">
      <Filter>Quelldateien</Filter>
    </ClCompile>
    <ClCompile Include="..\FastCraft\NBTTagByte.cpp">
      <Filter>Quelldateien</Filter>
    </ClCompile>
    <ClCompile Include="..\FastCraft\NBTTagByteArray.cpp">
      <Filter>Quelldateien</Filter>
    </ClCompile>
    <ClCompile Include="..\FastCraft\NBTTagCompound.cpp">
      <Filter>Quelldateien</Filter>
    </ClCompile>
    <ClCompile Include="..\FastCraft\NBTTagDouble.cpp">
      <Filter>Quelldateien</Filter>
    </ClCompile>
    <ClCompile Include="..\FastCraft\NBTTagFloat.cpp">
      <Filter>Quelldateien</Filter>
    </ClCompile>
    <ClCompile Include="..\FastCraft\NBTTagInt.cpp">
      <Filter>Quelldateien</Filter>
    </ClCompile>
    <ClCompile Include="..\FastCraft\NBTTagInt64.cpp">
      <Filter>Quelldateien</Filter>
    </ClCompile>
    <ClCompile Include="..\FastCraft\NBTTagIntArray.cpp">
      <Filter>Quelldateien</Filter>
    </ClCompile>
    <ClCompile Include="..\FastCraft\NBTTagList.cpp">
      <Filter>Quelldateien</Filter>
    </ClCompile>
    <ClCompile Include="..\FastCraft\NBTTagShort.cpp">
      <Filter>Quelldateien</Filter>
    </ClCompile>
    <ClCompile Include="..\FastCraft\NBTTagString.cpp">
      <Filter>Quelldateien</Filter>
    </ClCompile>
    <ClCompile Include="..\FastCraft\Util.cpp">
      <Filter>Quelldateien</Filter>
    </ClCompile>
    <ClCompile Include="..\FastCraft\WorldInfo.cpp">
      <Filter>Quelldateien</Filter>
    </ClCompile>
    <ClCompile Include="..\FastCraft\FCException.cpp">
      <Filter>Quelldateien</Filter>
    </ClCompile>
    <ClCompile Include="ConstString.cpp">
      <Filter>Quelldateien</Filter>
    </ClCompile>
  </ItemGroup>
  <ItemGroup>
    <ClInclude Include="..\FastCraft\NBTAll.h">
      <Filter>Headerdateien</Filter>
    </ClInclude>
    <ClInclude Include="..\FastCraft\NBTBase.h">
      <Filter>Headerdateien</Filter>
    </ClInclude>
    <ClInclude Include="..\FastCraft\NBTConstants.h">
      <Filter>Headerdateien</Filter>
    </ClInclude>
    <ClInclude Include="..\FastCraft\NBTTagByte.h">
      <Filter>Headerdateien</Filter>
    </ClInclude>
    <ClInclude Include="..\FastCraft\NBTTagByteArray.h">
      <Filter>Headerdateien</Filter>
    </ClInclude>
    <ClInclude Include="..\FastCraft\NBTTagCompound.h">
      <Filter>Headerdateien</Filter>
    </ClInclude>
    <ClInclude Include="..\FastCraft\NBTTagDouble.h">
      <Filter>Headerdateien</Filter>
    </ClInclude>
    <ClInclude Include="..\FastCraft\NBTTagFloat.h">
      <Filter>Headerdateien</Filter>
    </ClInclude>
    <ClInclude Include="..\FastCraft\NBTTagInt.h">
      <Filter>Headerdateien</Filter>
    </ClInclude>
    <ClInclude Include="..\FastCraft\NBTTagInt64.h">
      <Filter>Headerdateien</Filter>
    </ClInclude>
    <ClInclude Include="..\FastCraft\NBTTagIntArray.h">
      <Filter>Headerdateien</Filter>
    </ClInclude>
    <ClInclude Include="..\FastCraft\NBTTagList.h">
      <Filter>Headerdateien</Filter>
    </ClInclude>
    <ClInclude Include="..\FastCraft\NBTTagShort.h">
      <Filter>Headerdateien</Filter>
    </ClInclude>
    <ClInclude Include="..\FastCraft\NBTTagString.h">
      <Filter>Headerdateien</Filter>
    </ClInclude>
    <ClInclude Include="..\FastCraft\Util.h">
      <Filter>Headerdateien</Filter>
    </ClInclude>
    <ClInclude Include="..\FastCraft\WorldInfo.h">
      <Filter>Headerdateien</Filter>
    </ClInclude>
    <ClInclude Include="..\FastCraft\FCException.h">
      <Filter>Headerdateien</Filter>
    </ClInclude>
    <ClInclude Include="ConstString.h">
      <Filter>Headerdateien</Filter>
    </ClInclude>
  </ItemGroup>
</Project>